// !$*UTF8*$!
{
	archiveVersion = 1;
	classes = {
	};
	objectVersion = 56;
	objects = {

/* Begin PBXBuildFile section */
		A1000010000000000000001 /* OverlayApp.swift in Sources */ = {isa = PBXBuildFile; fileRef = A1000020000000000000001 /* OverlayApp.swift */; };
		A1000010000000000000002 /* AppDelegate.swift in Sources */ = {isa = PBXBuildFile; fileRef = A1000020000000000000002 /* AppDelegate.swift */; };
		A1000010000000000000003 /* OverlayWindow.swift in Sources */ = {isa = PBXBuildFile; fileRef = A1000020000000000000003 /* OverlayWindow.swift */; };
		A1000010000000000000004 /* VisualEffectBackground.swift in Sources */ = {isa = PBXBuildFile; fileRef = A1000020000000000000004 /* VisualEffectBackground.swift */; };
		A1000010000000000000005 /* ContentView.swift in Sources */ = {isa = PBXBuildFile; fileRef = A1000020000000000000005 /* ContentView.swift */; };
		A1000010000000000000006 /* HotkeyManager.swift in Sources */ = {isa = PBXBuildFile; fileRef = A1000020000000000000006 /* HotkeyManager.swift */; };
		A1000010000000000000007 /* StatusBarController.swift in Sources */ = {isa = PBXBuildFile; fileRef = A1000020000000000000007 /* StatusBarController.swift */; };
		A1000010000000000000008 /* NotesStore.swift in Sources */ = {isa = PBXBuildFile; fileRef = A1000020000000000000008 /* NotesStore.swift */; };
		A1000010000000000000009 /* PinState.swift in Sources */ = {isa = PBXBuildFile; fileRef = A1000020000000000000009 /* PinState.swift */; };
		A1000010000000000000011 /* AppIcon.icns in Resources */ = {isa = PBXBuildFile; fileRef = A1000020000000000000011 /* AppIcon.icns */; };
		A1000010000000000000012 /* FocusMode.swift in Sources */ = {isa = PBXBuildFile; fileRef = A1000020000000000000012 /* FocusMode.swift */; };
		A1000010000000000000013 /* MarkdownView.swift in Sources */ = {isa = PBXBuildFile; fileRef = A1000020000000000000013 /* MarkdownView.swift */; };
		B1000010000000000000001 /* AppDatabase.swift in Sources */ = {isa = PBXBuildFile; fileRef = B1000020000000000000001 /* AppDatabase.swift */; };
		B1000010000000000000002 /* Migrations.swift in Sources */ = {isa = PBXBuildFile; fileRef = B1000020000000000000002 /* Migrations.swift */; };
		B1000010000000000000003 /* Models.swift in Sources */ = {isa = PBXBuildFile; fileRef = B1000020000000000000003 /* Models.swift */; };
		B1000010000000000000004 /* KeychainStore.swift in Sources */ = {isa = PBXBuildFile; fileRef = B1000020000000000000004 /* KeychainStore.swift */; };
		B1000010000000000000005 /* LLMProvider.swift in Sources */ = {isa = PBXBuildFile; fileRef = B1000020000000000000005 /* LLMProvider.swift */; };
		B1000010000000000000006 /* ProviderRegistry.swift in Sources */ = {isa = PBXBuildFile; fileRef = B1000020000000000000006 /* ProviderRegistry.swift */; };
		B1000010000000000000007 /* AzureOpenAIProvider.swift in Sources */ = {isa = PBXBuildFile; fileRef = B1000020000000000000007 /* AzureOpenAIProvider.swift */; };
		B1000010000000000000008 /* BedrockProvider.swift in Sources */ = {isa = PBXBuildFile; fileRef = B1000020000000000000008 /* BedrockProvider.swift */; };
		B1000010000000000000009 /* OllamaProvider.swift in Sources */ = {isa = PBXBuildFile; fileRef = B1000020000000000000009 /* OllamaProvider.swift */; };
		B1000010000000000000010 /* OpenAIProvider.swift in Sources */ = {isa = PBXBuildFile; fileRef = B1000020000000000000010 /* OpenAIProvider.swift */; };
		B1000010000000000000033 /* LMStudioProvider.swift in Sources */ = {isa = PBXBuildFile; fileRef = B1000020000000000000033 /* LMStudioProvider.swift */; };
		B1000010000000000000011 /* SigV4.swift in Sources */ = {isa = PBXBuildFile; fileRef = B1000020000000000000011 /* SigV4.swift */; };
		B1000010000000000000012 /* SSEParser.swift in Sources */ = {isa = PBXBuildFile; fileRef = B1000020000000000000012 /* SSEParser.swift */; };
		B1000010000000000000013 /* AudioRingBuffer.swift in Sources */ = {isa = PBXBuildFile; fileRef = B1000020000000000000013 /* AudioRingBuffer.swift */; };
		B1000010000000000000014 /* SystemAudioCapturer.swift in Sources */ = {isa = PBXBuildFile; fileRef = B1000020000000000000014 /* SystemAudioCapturer.swift */; };
		B1000010000000000000015 /* WhisperEngine.swift in Sources */ = {isa = PBXBuildFile; fileRef = B1000020000000000000015 /* WhisperEngine.swift */; };
		B1000010000000000000016 /* WhisperModelManager.swift in Sources */ = {isa = PBXBuildFile; fileRef = B1000020000000000000016 /* WhisperModelManager.swift */; };
		B1000010000000000000017 /* QuestionDetector.swift in Sources */ = {isa = PBXBuildFile; fileRef = B1000020000000000000017 /* QuestionDetector.swift */; };
		B1000010000000000000018 /* SuggestionEngine.swift in Sources */ = {isa = PBXBuildFile; fileRef = B1000020000000000000018 /* SuggestionEngine.swift */; };
		B1000010000000000000019 /* PromptBuilder.swift in Sources */ = {isa = PBXBuildFile; fileRef = B1000020000000000000019 /* PromptBuilder.swift */; };
		B1000010000000000000034 /* IntelligenceModels.swift in Sources */ = {isa = PBXBuildFile; fileRef = B1000020000000000000034 /* IntelligenceModels.swift */; };
		B1000010000000000000035 /* QuestionAnalyzer.swift in Sources */ = {isa = PBXBuildFile; fileRef = B1000020000000000000035 /* QuestionAnalyzer.swift */; };
		B1000010000000000000036 /* ConversationMemory.swift in Sources */ = {isa = PBXBuildFile; fileRef = B1000020000000000000036 /* ConversationMemory.swift */; };
		B1000010000000000000020 /* DocumentIngestor.swift in Sources */ = {isa = PBXBuildFile; fileRef = B1000020000000000000020 /* DocumentIngestor.swift */; };
		B1000010000000000000021 /* DocxParser.swift in Sources */ = {isa = PBXBuildFile; fileRef = B1000020000000000000021 /* DocxParser.swift */; };
		B1000010000000000000022 /* PdfParser.swift in Sources */ = {isa = PBXBuildFile; fileRef = B1000020000000000000022 /* PdfParser.swift */; };
		B1000010000000000000023 /* CallSessionStore.swift in Sources */ = {isa = PBXBuildFile; fileRef = B1000020000000000000023 /* CallSessionStore.swift */; };
		B1000010000000000000024 /* RootTabView.swift in Sources */ = {isa = PBXBuildFile; fileRef = B1000020000000000000024 /* RootTabView.swift */; };
		B1000010000000000000025 /* NotesTab.swift in Sources */ = {isa = PBXBuildFile; fileRef = B1000020000000000000025 /* NotesTab.swift */; };
		B1000010000000000000026 /* BriefTab.swift in Sources */ = {isa = PBXBuildFile; fileRef = B1000020000000000000026 /* BriefTab.swift */; };
		B1000010000000000000027 /* LiveTab.swift in Sources */ = {isa = PBXBuildFile; fileRef = B1000020000000000000027 /* LiveTab.swift */; };
		B1000010000000000000028 /* SuggestionsTab.swift in Sources */ = {isa = PBXBuildFile; fileRef = B1000020000000000000028 /* SuggestionsTab.swift */; };
		B1000010000000000000029 /* HistoryTab.swift in Sources */ = {isa = PBXBuildFile; fileRef = B1000020000000000000029 /* HistoryTab.swift */; };
		B1000010000000000000030 /* SettingsTab.swift in Sources */ = {isa = PBXBuildFile; fileRef = B1000020000000000000030 /* SettingsTab.swift */; };
		B1000010000000000000031 /* ProviderEditorView.swift in Sources */ = {isa = PBXBuildFile; fileRef = B1000020000000000000031 /* ProviderEditorView.swift */; };
		B1000010000000000000032 /* DropZoneView.swift in Sources */ = {isa = PBXBuildFile; fileRef = B1000020000000000000032 /* DropZoneView.swift */; };
		B1000010000000000000101 /* GRDB in Frameworks */ = {isa = PBXBuildFile; productRef = C1000110000000000000001 /* GRDB */; };
		B1000010000000000000102 /* ZIPFoundation in Frameworks */ = {isa = PBXBuildFile; productRef = C1000110000000000000002 /* ZIPFoundation */; };
		B1000010000000000000103 /* WhisperKit in Frameworks */ = {isa = PBXBuildFile; productRef = C1000110000000000000003 /* WhisperKit */; };
/* End PBXBuildFile section */

/* Begin PBXFileReference section */
		A1000030000000000000001 /* OverlayOpus.app */ = {isa = PBXFileReference; explicitFileType = wrapper.application; includeInIndex = 0; path = OverlayOpus.app; sourceTree = BUILT_PRODUCTS_DIR; };
		A1000020000000000000001 /* OverlayApp.swift */ = {isa = PBXFileReference; lastKnownFileType = sourcecode.swift; path = OverlayApp.swift; sourceTree = "<group>"; };
		A1000020000000000000002 /* AppDelegate.swift */ = {isa = PBXFileReference; lastKnownFileType = sourcecode.swift; path = AppDelegate.swift; sourceTree = "<group>"; };
		A1000020000000000000003 /* OverlayWindow.swift */ = {isa = PBXFileReference; lastKnownFileType = sourcecode.swift; path = OverlayWindow.swift; sourceTree = "<group>"; };
		A1000020000000000000004 /* VisualEffectBackground.swift */ = {isa = PBXFileReference; lastKnownFileType = sourcecode.swift; path = VisualEffectBackground.swift; sourceTree = "<group>"; };
		A1000020000000000000005 /* ContentView.swift */ = {isa = PBXFileReference; lastKnownFileType = sourcecode.swift; path = ContentView.swift; sourceTree = "<group>"; };
		A1000020000000000000006 /* HotkeyManager.swift */ = {isa = PBXFileReference; lastKnownFileType = sourcecode.swift; path = HotkeyManager.swift; sourceTree = "<group>"; };
		A1000020000000000000007 /* StatusBarController.swift */ = {isa = PBXFileReference; lastKnownFileType = sourcecode.swift; path = StatusBarController.swift; sourceTree = "<group>"; };
		A1000020000000000000008 /* NotesStore.swift */ = {isa = PBXFileReference; lastKnownFileType = sourcecode.swift; path = NotesStore.swift; sourceTree = "<group>"; };
		A1000020000000000000009 /* PinState.swift */ = {isa = PBXFileReference; lastKnownFileType = sourcecode.swift; path = PinState.swift; sourceTree = "<group>"; };
		A1000020000000000000010 /* Info.plist */ = {isa = PBXFileReference; lastKnownFileType = text.plist.xml; path = Info.plist; sourceTree = "<group>"; };
		A1000020000000000000011 /* AppIcon.icns */ = {isa = PBXFileReference; lastKnownFileType = image.icns; path = AppIcon.icns; sourceTree = "<group>"; };
		A1000020000000000000012 /* FocusMode.swift */ = {isa = PBXFileReference; lastKnownFileType = sourcecode.swift; path = FocusMode.swift; sourceTree = "<group>"; };
		A1000020000000000000013 /* MarkdownView.swift */ = {isa = PBXFileReference; lastKnownFileType = sourcecode.swift; path = MarkdownView.swift; sourceTree = "<group>"; };
		B1000020000000000000001 /* AppDatabase.swift */ = {isa = PBXFileReference; lastKnownFileType = sourcecode.swift; path = AppDatabase.swift; sourceTree = "<group>"; };
		B1000020000000000000002 /* Migrations.swift */ = {isa = PBXFileReference; lastKnownFileType = sourcecode.swift; path = Migrations.swift; sourceTree = "<group>"; };
		B1000020000000000000003 /* Models.swift */ = {isa = PBXFileReference; lastKnownFileType = sourcecode.swift; path = Models.swift; sourceTree = "<group>"; };
		B1000020000000000000004 /* KeychainStore.swift */ = {isa = PBXFileReference; lastKnownFileType = sourcecode.swift; path = KeychainStore.swift; sourceTree = "<group>"; };
		B1000020000000000000005 /* LLMProvider.swift */ = {isa = PBXFileReference; lastKnownFileType = sourcecode.swift; path = LLMProvider.swift; sourceTree = "<group>"; };
		B1000020000000000000006 /* ProviderRegistry.swift */ = {isa = PBXFileReference; lastKnownFileType = sourcecode.swift; path = ProviderRegistry.swift; sourceTree = "<group>"; };
		B1000020000000000000007 /* AzureOpenAIProvider.swift */ = {isa = PBXFileReference; lastKnownFileType = sourcecode.swift; path = AzureOpenAIProvider.swift; sourceTree = "<group>"; };
		B1000020000000000000008 /* BedrockProvider.swift */ = {isa = PBXFileReference; lastKnownFileType = sourcecode.swift; path = BedrockProvider.swift; sourceTree = "<group>"; };
		B1000020000000000000009 /* OllamaProvider.swift */ = {isa = PBXFileReference; lastKnownFileType = sourcecode.swift; path = OllamaProvider.swift; sourceTree = "<group>"; };
		B1000020000000000000010 /* OpenAIProvider.swift */ = {isa = PBXFileReference; lastKnownFileType = sourcecode.swift; path = OpenAIProvider.swift; sourceTree = "<group>"; };
		B1000020000000000000033 /* LMStudioProvider.swift */ = {isa = PBXFileReference; lastKnownFileType = sourcecode.swift; path = LMStudioProvider.swift; sourceTree = "<group>"; };
		B1000020000000000000011 /* SigV4.swift */ = {isa = PBXFileReference; lastKnownFileType = sourcecode.swift; path = SigV4.swift; sourceTree = "<group>"; };
		B1000020000000000000012 /* SSEParser.swift */ = {isa = PBXFileReference; lastKnownFileType = sourcecode.swift; path = SSEParser.swift; sourceTree = "<group>"; };
		B1000020000000000000013 /* AudioRingBuffer.swift */ = {isa = PBXFileReference; lastKnownFileType = sourcecode.swift; path = AudioRingBuffer.swift; sourceTree = "<group>"; };
		B1000020000000000000014 /* SystemAudioCapturer.swift */ = {isa = PBXFileReference; lastKnownFileType = sourcecode.swift; path = SystemAudioCapturer.swift; sourceTree = "<group>"; };
		B1000020000000000000015 /* WhisperEngine.swift */ = {isa = PBXFileReference; lastKnownFileType = sourcecode.swift; path = WhisperEngine.swift; sourceTree = "<group>"; };
		B1000020000000000000016 /* WhisperModelManager.swift */ = {isa = PBXFileReference; lastKnownFileType = sourcecode.swift; path = WhisperModelManager.swift; sourceTree = "<group>"; };
		B1000020000000000000017 /* QuestionDetector.swift */ = {isa = PBXFileReference; lastKnownFileType = sourcecode.swift; path = QuestionDetector.swift; sourceTree = "<group>"; };
		B1000020000000000000018 /* SuggestionEngine.swift */ = {isa = PBXFileReference; lastKnownFileType = sourcecode.swift; path = SuggestionEngine.swift; sourceTree = "<group>"; };
		B1000020000000000000019 /* PromptBuilder.swift */ = {isa = PBXFileReference; lastKnownFileType = sourcecode.swift; path = PromptBuilder.swift; sourceTree = "<group>"; };
		B1000020000000000000034 /* IntelligenceModels.swift */ = {isa = PBXFileReference; lastKnownFileType = sourcecode.swift; path = IntelligenceModels.swift; sourceTree = "<group>"; };
		B1000020000000000000035 /* QuestionAnalyzer.swift */ = {isa = PBXFileReference; lastKnownFileType = sourcecode.swift; path = QuestionAnalyzer.swift; sourceTree = "<group>"; };
		B1000020000000000000036 /* ConversationMemory.swift */ = {isa = PBXFileReference; lastKnownFileType = sourcecode.swift; path = ConversationMemory.swift; sourceTree = "<group>"; };
		B1000020000000000000020 /* DocumentIngestor.swift */ = {isa = PBXFileReference; lastKnownFileType = sourcecode.swift; path = DocumentIngestor.swift; sourceTree = "<group>"; };
		B1000020000000000000021 /* DocxParser.swift */ = {isa = PBXFileReference; lastKnownFileType = sourcecode.swift; path = DocxParser.swift; sourceTree = "<group>"; };
		B1000020000000000000022 /* PdfParser.swift */ = {isa = PBXFileReference; lastKnownFileType = sourcecode.swift; path = PdfParser.swift; sourceTree = "<group>"; };
		B1000020000000000000023 /* CallSessionStore.swift */ = {isa = PBXFileReference; lastKnownFileType = sourcecode.swift; path = CallSessionStore.swift; sourceTree = "<group>"; };
		B1000020000000000000024 /* RootTabView.swift */ = {isa = PBXFileReference; lastKnownFileType = sourcecode.swift; path = RootTabView.swift; sourceTree = "<group>"; };
		B1000020000000000000025 /* NotesTab.swift */ = {isa = PBXFileReference; lastKnownFileType = sourcecode.swift; path = NotesTab.swift; sourceTree = "<group>"; };
		B1000020000000000000026 /* BriefTab.swift */ = {isa = PBXFileReference; lastKnownFileType = sourcecode.swift; path = BriefTab.swift; sourceTree = "<group>"; };
		B1000020000000000000027 /* LiveTab.swift */ = {isa = PBXFileReference; lastKnownFileType = sourcecode.swift; path = LiveTab.swift; sourceTree = "<group>"; };
		B1000020000000000000028 /* SuggestionsTab.swift */ = {isa = PBXFileReference; lastKnownFileType = sourcecode.swift; path = SuggestionsTab.swift; sourceTree = "<group>"; };
		B1000020000000000000029 /* HistoryTab.swift */ = {isa = PBXFileReference; lastKnownFileType = sourcecode.swift; path = HistoryTab.swift; sourceTree = "<group>"; };
		B1000020000000000000030 /* SettingsTab.swift */ = {isa = PBXFileReference; lastKnownFileType = sourcecode.swift; path = SettingsTab.swift; sourceTree = "<group>"; };
		B1000020000000000000031 /* ProviderEditorView.swift */ = {isa = PBXFileReference; lastKnownFileType = sourcecode.swift; path = ProviderEditorView.swift; sourceTree = "<group>"; };
		B1000020000000000000032 /* DropZoneView.swift */ = {isa = PBXFileReference; lastKnownFileType = sourcecode.swift; path = DropZoneView.swift; sourceTree = "<group>"; };
		B1000020000000000000100 /* Overlay.entitlements */ = {isa = PBXFileReference; lastKnownFileType = text.plist.entitlements; path = Overlay.entitlements; sourceTree = "<group>"; };
/* End PBXFileReference section */

/* Begin PBXFrameworksBuildPhase section */
		A1000040000000000000001 /* Frameworks */ = {
			isa = PBXFrameworksBuildPhase;
			buildActionMask = 2147483647;
			files = (
				B1000010000000000000101 /* GRDB in Frameworks */,
				B1000010000000000000102 /* ZIPFoundation in Frameworks */,
				B1000010000000000000103 /* WhisperKit in Frameworks */,
			);
			runOnlyForDeploymentPostprocessing = 0;
		};
/* End PBXFrameworksBuildPhase section */

/* Begin PBXGroup section */
		A1000050000000000000001 /* */ = {
			isa = PBXGroup;
			children = (
				A1000050000000000000002 /* Overlay */,
				A1000050000000000000003 /* Products */,
			);
			sourceTree = "<group>";
		};
		A1000050000000000000002 /* Overlay */ = {
			isa = PBXGroup;
			children = (
				A1000020000000000000001 /* OverlayApp.swift */,
				A1000020000000000000002 /* AppDelegate.swift */,
				A1000020000000000000003 /* OverlayWindow.swift */,
				A1000020000000000000004 /* VisualEffectBackground.swift */,
				A1000020000000000000005 /* ContentView.swift */,
				A1000020000000000000006 /* HotkeyManager.swift */,
				A1000020000000000000007 /* StatusBarController.swift */,
				A1000020000000000000008 /* NotesStore.swift */,
				A1000020000000000000009 /* PinState.swift */,
				A1000020000000000000012 /* FocusMode.swift */,
				A1000020000000000000013 /* MarkdownView.swift */,
				B1000050000000000000004 /* Database */,
				B1000050000000000000005 /* Storage */,
				B1000050000000000000006 /* Providers */,
				B1000050000000000000007 /* Audio */,
				B1000050000000000000008 /* Speech */,
				B1000050000000000000009 /* Intelligence */,
				B1000050000000000000010 /* Ingest */,
				B1000050000000000000011 /* Session */,
				B1000050000000000000012 /* UI */,
				A1000020000000000000011 /* AppIcon.icns */,
				A1000020000000000000010 /* Info.plist */,
				B1000020000000000000100 /* Overlay.entitlements */,
			);
			path = Overlay;
			sourceTree = "<group>";
		};
		A1000050000000000000003 /* Products */ = {
			isa = PBXGroup;
			children = (
				A1000030000000000000001 /* OverlayOpus.app */,
			);
			name = Products;
			sourceTree = "<group>";
		};
		B1000050000000000000004 /* Database */ = {
			isa = PBXGroup;
			children = (
				B1000020000000000000001 /* AppDatabase.swift */,
				B1000020000000000000002 /* Migrations.swift */,
				B1000020000000000000003 /* Models.swift */,
			);
			path = Database;
			sourceTree = "<group>";
		};
		B1000050000000000000005 /* Storage */ = {
			isa = PBXGroup;
			children = (
				B1000020000000000000004 /* KeychainStore.swift */,
			);
			path = Storage;
			sourceTree = "<group>";
		};
		B1000050000000000000006 /* Providers */ = {
			isa = PBXGroup;
			children = (
				B1000020000000000000005 /* LLMProvider.swift */,
				B1000020000000000000006 /* ProviderRegistry.swift */,
				B1000020000000000000007 /* AzureOpenAIProvider.swift */,
				B1000020000000000000008 /* BedrockProvider.swift */,
				B1000020000000000000033 /* LMStudioProvider.swift */,
				B1000020000000000000009 /* OllamaProvider.swift */,
				B1000020000000000000010 /* OpenAIProvider.swift */,
				B1000020000000000000011 /* SigV4.swift */,
				B1000020000000000000012 /* SSEParser.swift */,
			);
			path = Providers;
			sourceTree = "<group>";
		};
		B1000050000000000000007 /* Audio */ = {
			isa = PBXGroup;
			children = (
				B1000020000000000000013 /* AudioRingBuffer.swift */,
				B1000020000000000000014 /* SystemAudioCapturer.swift */,
			);
			path = Audio;
			sourceTree = "<group>";
		};
		B1000050000000000000008 /* Speech */ = {
			isa = PBXGroup;
			children = (
				B1000020000000000000015 /* WhisperEngine.swift */,
				B1000020000000000000016 /* WhisperModelManager.swift */,
			);
			path = Speech;
			sourceTree = "<group>";
		};
		B1000050000000000000009 /* Intelligence */ = {
			isa = PBXGroup;
			children = (
				B1000020000000000000017 /* QuestionDetector.swift */,
				B1000020000000000000034 /* IntelligenceModels.swift */,
				B1000020000000000000035 /* QuestionAnalyzer.swift */,
				B1000020000000000000036 /* ConversationMemory.swift */,
				B1000020000000000000018 /* SuggestionEngine.swift */,
				B1000020000000000000019 /* PromptBuilder.swift */,
			);
			path = Intelligence;
			sourceTree = "<group>";
		};
		B1000050000000000000010 /* Ingest */ = {
			isa = PBXGroup;
			children = (
				B1000020000000000000020 /* DocumentIngestor.swift */,
				B1000020000000000000021 /* DocxParser.swift */,
				B1000020000000000000022 /* PdfParser.swift */,
			);
			path = Ingest;
			sourceTree = "<group>";
		};
		B1000050000000000000011 /* Session */ = {
			isa = PBXGroup;
			children = (
				B1000020000000000000023 /* CallSessionStore.swift */,
			);
			path = Session;
			sourceTree = "<group>";
		};
		B1000050000000000000012 /* UI */ = {
			isa = PBXGroup;
			children = (
				B1000020000000000000024 /* RootTabView.swift */,
				B1000020000000000000025 /* NotesTab.swift */,
				B1000020000000000000026 /* BriefTab.swift */,
				B1000020000000000000027 /* LiveTab.swift */,
				B1000020000000000000028 /* SuggestionsTab.swift */,
				B1000020000000000000029 /* HistoryTab.swift */,
				B1000020000000000000030 /* SettingsTab.swift */,
				B1000020000000000000031 /* ProviderEditorView.swift */,
				B1000020000000000000032 /* DropZoneView.swift */,
			);
			path = UI;
			sourceTree = "<group>";
		};
/* End PBXGroup section */

/* Begin PBXNativeTarget section */
		A1000060000000000000001 /* OverlayOpus */ = {
			isa = PBXNativeTarget;
			buildConfigurationList = A1000070000000000000002 /* Build configuration list for PBXNativeTarget "OverlayOpus" */;
			buildPhases = (
				A1000080000000000000001 /* Sources */,
				A1000040000000000000001 /* Frameworks */,
				A1000090000000000000001 /* Resources */,
			);
			buildRules = (
			);
			dependencies = (
			);
			name = OverlayOpus;
			packageProductDependencies = (
				C1000110000000000000001 /* GRDB */,
				C1000110000000000000002 /* ZIPFoundation */,
				C1000110000000000000003 /* WhisperKit */,
			);
			productName = OverlayOpus;
			productReference = A1000030000000000000001 /* OverlayOpus.app */;
			productType = "com.apple.product-type.application";
		};
/* End PBXNativeTarget section */

/* Begin PBXProject section */
		A1000100000000000000001 /* Project object */ = {
			isa = PBXProject;
			attributes = {
				BuildIndependentTargetsInParallel = 1;
				LastSwiftUpdateCheck = 1500;
				LastUpgradeCheck = 1500;
				TargetAttributes = {
					A1000060000000000000001 = {
						CreatedOnToolsVersion = 15.0;
					};
				};
			};
			buildConfigurationList = A1000070000000000000001 /* Build configuration list for PBXProject "OverlayOpus" */;
			compatibilityVersion = "Xcode 14.0";
			developmentRegion = en;
			hasScannedForEncodings = 0;
			knownRegions = (
				en,
				Base,
			);
			mainGroup = A1000050000000000000001;
			packageReferences = (
				C1000100000000000000001 /* XCRemoteSwiftPackageReference "GRDB.swift" */,
				C1000100000000000000002 /* XCRemoteSwiftPackageReference "ZIPFoundation" */,
				C1000100000000000000003 /* XCRemoteSwiftPackageReference "argmax-oss-swift" */,
			);
			productRefGroup = A1000050000000000000003 /* Products */;
			projectDirPath = "";
			projectRoot = "";
			targets = (
				A1000060000000000000001 /* OverlayOpus */,
			);
		};
/* End PBXProject section */

/* Begin PBXResourcesBuildPhase section */
		A1000090000000000000001 /* Resources */ = {
			isa = PBXResourcesBuildPhase;
			buildActionMask = 2147483647;
			files = (
				A1000010000000000000011 /* AppIcon.icns in Resources */,
			);
			runOnlyForDeploymentPostprocessing = 0;
		};
/* End PBXResourcesBuildPhase section */

/* Begin PBXSourcesBuildPhase section */
		A1000080000000000000001 /* Sources */ = {
			isa = PBXSourcesBuildPhase;
			buildActionMask = 2147483647;
			files = (
				A1000010000000000000001 /* OverlayApp.swift in Sources */,
				A1000010000000000000002 /* AppDelegate.swift in Sources */,
				A1000010000000000000003 /* OverlayWindow.swift in Sources */,
				A1000010000000000000004 /* VisualEffectBackground.swift in Sources */,
				A1000010000000000000005 /* ContentView.swift in Sources */,
				A1000010000000000000006 /* HotkeyManager.swift in Sources */,
				A1000010000000000000007 /* StatusBarController.swift in Sources */,
				A1000010000000000000008 /* NotesStore.swift in Sources */,
				A1000010000000000000009 /* PinState.swift in Sources */,
				A1000010000000000000012 /* FocusMode.swift in Sources */,
				A1000010000000000000013 /* MarkdownView.swift in Sources */,
				B1000010000000000000001 /* AppDatabase.swift in Sources */,
				B1000010000000000000002 /* Migrations.swift in Sources */,
				B1000010000000000000003 /* Models.swift in Sources */,
				B1000010000000000000004 /* KeychainStore.swift in Sources */,
				B1000010000000000000005 /* LLMProvider.swift in Sources */,
				B1000010000000000000006 /* ProviderRegistry.swift in Sources */,
				B1000010000000000000007 /* AzureOpenAIProvider.swift in Sources */,
				B1000010000000000000008 /* BedrockProvider.swift in Sources */,
				B1000010000000000000033 /* LMStudioProvider.swift in Sources */,
				B1000010000000000000009 /* OllamaProvider.swift in Sources */,
				B1000010000000000000010 /* OpenAIProvider.swift in Sources */,
				B1000010000000000000011 /* SigV4.swift in Sources */,
				B1000010000000000000012 /* SSEParser.swift in Sources */,
				B1000010000000000000013 /* AudioRingBuffer.swift in Sources */,
				B1000010000000000000014 /* SystemAudioCapturer.swift in Sources */,
				B1000010000000000000015 /* WhisperEngine.swift in Sources */,
				B1000010000000000000016 /* WhisperModelManager.swift in Sources */,
				B1000010000000000000017 /* QuestionDetector.swift in Sources */,
				B1000010000000000000034 /* IntelligenceModels.swift in Sources */,
				B1000010000000000000035 /* QuestionAnalyzer.swift in Sources */,
				B1000010000000000000036 /* ConversationMemory.swift in Sources */,
				B1000010000000000000018 /* SuggestionEngine.swift in Sources */,
				B1000010000000000000019 /* PromptBuilder.swift in Sources */,
				B1000010000000000000020 /* DocumentIngestor.swift in Sources */,
				B1000010000000000000021 /* DocxParser.swift in Sources */,
				B1000010000000000000022 /* PdfParser.swift in Sources */,
				B1000010000000000000023 /* CallSessionStore.swift in Sources */,
				B1000010000000000000024 /* RootTabView.swift in Sources */,
				B1000010000000000000025 /* NotesTab.swift in Sources */,
				B1000010000000000000026 /* BriefTab.swift in Sources */,
				B1000010000000000000027 /* LiveTab.swift in Sources */,
				B1000010000000000000028 /* SuggestionsTab.swift in Sources */,
				B1000010000000000000029 /* HistoryTab.swift in Sources */,
				B1000010000000000000030 /* SettingsTab.swift in Sources */,
				B1000010000000000000031 /* ProviderEditorView.swift in Sources */,
				B1000010000000000000032 /* DropZoneView.swift in Sources */,
			);
			runOnlyForDeploymentPostprocessing = 0;
		};
/* End PBXSourcesBuildPhase section */

/* Begin XCRemoteSwiftPackageReference section */
		C1000100000000000000001 /* XCRemoteSwiftPackageReference "GRDB.swift" */ = {
			isa = XCRemoteSwiftPackageReference;
			repositoryURL = "https://github.com/groue/GRDB.swift";
			requirement = {
				kind = upToNextMajorVersion;
				minimumVersion = 6.29.0;
			};
		};
		C1000100000000000000002 /* XCRemoteSwiftPackageReference "ZIPFoundation" */ = {
			isa = XCRemoteSwiftPackageReference;
			repositoryURL = "https://github.com/weichsel/ZIPFoundation";
			requirement = {
				kind = upToNextMajorVersion;
				minimumVersion = 0.9.19;
			};
		};
		C1000100000000000000003 /* XCRemoteSwiftPackageReference "argmax-oss-swift" */ = {
			isa = XCRemoteSwiftPackageReference;
			repositoryURL = "https://github.com/argmaxinc/argmax-oss-swift";
			requirement = {
				kind = upToNextMajorVersion;
				minimumVersion = 1.0.0;
			};
		};
/* End XCRemoteSwiftPackageReference section */

/* Begin XCSwiftPackageProductDependency section */
		C1000110000000000000001 /* GRDB */ = {
			isa = XCSwiftPackageProductDependency;
			package = C1000100000000000000001 /* XCRemoteSwiftPackageReference "GRDB.swift" */;
			productName = GRDB;
		};
		C1000110000000000000002 /* ZIPFoundation */ = {
			isa = XCSwiftPackageProductDependency;
			package = C1000100000000000000002 /* XCRemoteSwiftPackageReference "ZIPFoundation" */;
			productName = ZIPFoundation;
		};
		C1000110000000000000003 /* WhisperKit */ = {
			isa = XCSwiftPackageProductDependency;
			package = C1000100000000000000003 /* XCRemoteSwiftPackageReference "argmax-oss-swift" */;
			productName = WhisperKit;
		};
/* End XCSwiftPackageProductDependency section */

/* Begin XCBuildConfiguration section */
		A1000110000000000000001 /* Debug */ = {
			isa = XCBuildConfiguration;
			buildSettings = {
				ALWAYS_SEARCH_USER_PATHS = NO;
				CLANG_ANALYZER_NONNULL = YES;
				CLANG_ANALYZER_NUMBER_OBJECT_CONVERSION = YES_AGGRESSIVE;
				CLANG_CXX_LANGUAGE_STANDARD = "gnu++20";
				CLANG_ENABLE_MODULES = YES;
				CLANG_ENABLE_OBJC_ARC = YES;
				CLANG_ENABLE_OBJC_WEAK = YES;
				CLANG_WARN_BLOCK_CAPTURE_AUTORELEASING = YES;
				CLANG_WARN_BOOL_CONVERSION = YES;
				CLANG_WARN_COMMA = YES;
				CLANG_WARN_CONSTANT_CONVERSION = YES;
				CLANG_WARN_DEPRECATED_OBJC_IMPLEMENTATIONS = YES;
				CLANG_WARN_DIRECT_OBJC_ISA_USAGE = YES_ERROR;
				CLANG_WARN_DOCUMENTATION_COMMENTS = YES;
				CLANG_WARN_EMPTY_BODY = YES;
				CLANG_WARN_ENUM_CONVERSION = YES;
				CLANG_WARN_INFINITE_RECURSION = YES;
				CLANG_WARN_INT_CONVERSION = YES;
				CLANG_WARN_NON_LITERAL_NULL_CONVERSION = YES;
				CLANG_WARN_OBJC_IMPLICIT_RETAIN_SELF = YES;
				CLANG_WARN_OBJC_LITERAL_CONVERSION = YES;
				CLANG_WARN_OBJC_ROOT_CLASS = YES_ERROR;
				CLANG_WARN_QUOTED_INCLUDE_IN_FRAMEWORK_HEADER = YES;
				CLANG_WARN_RANGE_LOOP_ANALYSIS = YES;
				CLANG_WARN_STRICT_PROTOTYPES = YES;
				CLANG_WARN_SUSPICIOUS_MOVE = YES;
				CLANG_WARN_UNGUARDED_AVAILABILITY = YES_AGGRESSIVE;
				CLANG_WARN_UNREACHABLE_CODE = YES;
				CLANG_WARN__DUPLICATE_METHOD_MATCH = YES;
				COPY_PHASE_STRIP = NO;
				DEBUG_INFORMATION_FORMAT = dwarf;
				ENABLE_STRICT_OBJC_MSGSEND = YES;
				ENABLE_TESTABILITY = YES;
				ENABLE_USER_SCRIPT_SANDBOXING = YES;
				GCC_C_LANGUAGE_STANDARD = gnu17;
				GCC_DYNAMIC_NO_PIC = NO;
				GCC_NO_COMMON_BLOCKS = YES;
				GCC_OPTIMIZATION_LEVEL = 0;
				GCC_PREPROCESSOR_DEFINITIONS = (
					"DEBUG=1",
					"$(inherited)",
				);
				GCC_WARN_64_TO_32_BIT_CONVERSION = YES;
				GCC_WARN_ABOUT_RETURN_TYPE = YES_ERROR;
				GCC_WARN_UNDECLARED_SELECTOR = YES;
				GCC_WARN_UNINITIALIZED_AUTOS = YES_AGGRESSIVE;
				GCC_WARN_UNUSED_FUNCTION = YES;
				GCC_WARN_UNUSED_VARIABLE = YES;
				LOCALIZATION_PREFERS_STRING_CATALOGS = YES;
				MACOSX_DEPLOYMENT_TARGET = 14.0;
				MTL_ENABLE_DEBUG_INFO = INCLUDE_SOURCE;
				MTL_FAST_MATH = YES;
				ONLY_ACTIVE_ARCH = YES;
				SDKROOT = macosx;
				SWIFT_ACTIVE_COMPILATION_CONDITIONS = "DEBUG $(inherited)";
				SWIFT_OPTIMIZATION_LEVEL = "-Onone";
			};
			name = Debug;
		};
		A1000110000000000000002 /* Release */ = {
			isa = XCBuildConfiguration;
			buildSettings = {
				ALWAYS_SEARCH_USER_PATHS = NO;
				CLANG_ANALYZER_NONNULL = YES;
				CLANG_ANALYZER_NUMBER_OBJECT_CONVERSION = YES_AGGRESSIVE;
				CLANG_CXX_LANGUAGE_STANDARD = "gnu++20";
				CLANG_ENABLE_MODULES = YES;
				CLANG_ENABLE_OBJC_ARC = YES;
				CLANG_ENABLE_OBJC_WEAK = YES;
				CLANG_WARN_BLOCK_CAPTURE_AUTORELEASING = YES;
				CLANG_WARN_BOOL_CONVERSION = YES;
				CLANG_WARN_COMMA = YES;
				CLANG_WARN_CONSTANT_CONVERSION = YES;
				CLANG_WARN_DEPRECATED_OBJC_IMPLEMENTATIONS = YES;
				CLANG_WARN_DIRECT_OBJC_ISA_USAGE = YES_ERROR;
				CLANG_WARN_DOCUMENTATION_COMMENTS = YES;
				CLANG_WARN_EMPTY_BODY = YES;
				CLANG_WARN_ENUM_CONVERSION = YES;
				CLANG_WARN_INFINITE_RECURSION = YES;
				CLANG_WARN_INT_CONVERSION = YES;
				CLANG_WARN_NON_LITERAL_NULL_CONVERSION = YES;
				CLANG_WARN_OBJC_IMPLICIT_RETAIN_SELF = YES;
				CLANG_WARN_OBJC_LITERAL_CONVERSION = YES;
				CLANG_WARN_OBJC_ROOT_CLASS = YES_ERROR;
				CLANG_WARN_QUOTED_INCLUDE_IN_FRAMEWORK_HEADER = YES;
				CLANG_WARN_RANGE_LOOP_ANALYSIS = YES;
				CLANG_WARN_STRICT_PROTOTYPES = YES;
				CLANG_WARN_SUSPICIOUS_MOVE = YES;
				CLANG_WARN_UNGUARDED_AVAILABILITY = YES_AGGRESSIVE;
				CLANG_WARN_UNREACHABLE_CODE = YES;
				CLANG_WARN__DUPLICATE_METHOD_MATCH = YES;
				COPY_PHASE_STRIP = NO;
				DEBUG_INFORMATION_FORMAT = "dwarf-with-dsym";
				ENABLE_NS_ASSERTIONS = NO;
				ENABLE_STRICT_OBJC_MSGSEND = YES;
				ENABLE_USER_SCRIPT_SANDBOXING = YES;
				GCC_C_LANGUAGE_STANDARD = gnu17;
				GCC_NO_COMMON_BLOCKS = YES;
				GCC_WARN_64_TO_32_BIT_CONVERSION = YES;
				GCC_WARN_ABOUT_RETURN_TYPE = YES_ERROR;
				GCC_WARN_UNDECLARED_SELECTOR = YES;
				GCC_WARN_UNINITIALIZED_AUTOS = YES_AGGRESSIVE;
				GCC_WARN_UNUSED_FUNCTION = YES;
				GCC_WARN_UNUSED_VARIABLE = YES;
				LOCALIZATION_PREFERS_STRING_CATALOGS = YES;
				MACOSX_DEPLOYMENT_TARGET = 14.0;
				MTL_ENABLE_DEBUG_INFO = NO;
				MTL_FAST_MATH = YES;
				SDKROOT = macosx;
				SWIFT_COMPILATION_MODE = wholemodule;
			};
			name = Release;
		};
		A1000110000000000000003 /* Debug */ = {
			isa = XCBuildConfiguration;
			buildSettings = {
				ASSETCATALOG_COMPILER_APPICON_NAME = "";
				CODE_SIGN_ENTITLEMENTS = Overlay/Overlay.entitlements;
				CODE_SIGN_STYLE = Automatic;
				CODE_SIGN_IDENTITY = "-";
				COMBINE_HIDPI_IMAGES = YES;
				CURRENT_PROJECT_VERSION = 1;
				DEVELOPMENT_TEAM = "";
				ENABLE_HARDENED_RUNTIME = YES;
				ENABLE_APP_SANDBOX = NO;
				GENERATE_INFOPLIST_FILE = NO;
				INFOPLIST_FILE = Overlay/Info.plist;
				INFOPLIST_KEY_LSUIElement = YES;
				INFOPLIST_KEY_NSHumanReadableCopyright = "";
				LD_RUNPATH_SEARCH_PATHS = (
					"$(inherited)",
					"@executable_path/../Frameworks",
				);
				MACOSX_DEPLOYMENT_TARGET = 14.0;
				MARKETING_VERSION = 1.0;
				PRODUCT_BUNDLE_IDENTIFIER = com.pariksj.overlay-opus;
				PRODUCT_NAME = "$(TARGET_NAME)";
				SWIFT_EMIT_LOC_STRINGS = YES;
				SWIFT_VERSION = 5.9;
			};
			name = Debug;
		};
		A1000110000000000000004 /* Release */ = {
			isa = XCBuildConfiguration;
			buildSettings = {
				ASSETCATALOG_COMPILER_APPICON_NAME = "";
				CODE_SIGN_ENTITLEMENTS = Overlay/Overlay.entitlements;
				CODE_SIGN_STYLE = Automatic;
				CODE_SIGN_IDENTITY = "-";
				COMBINE_HIDPI_IMAGES = YES;
				CURRENT_PROJECT_VERSION = 1;
				DEVELOPMENT_TEAM = "";
				ENABLE_HARDENED_RUNTIME = YES;
				ENABLE_APP_SANDBOX = NO;
				GENERATE_INFOPLIST_FILE = NO;
				INFOPLIST_FILE = Overlay/Info.plist;
				INFOPLIST_KEY_LSUIElement = YES;
				INFOPLIST_KEY_NSHumanReadableCopyright = "";
				LD_RUNPATH_SEARCH_PATHS = (
					"$(inherited)",
					"@executable_path/../Frameworks",
				);
				MACOSX_DEPLOYMENT_TARGET = 14.0;
				MARKETING_VERSION = 1.0;
				PRODUCT_BUNDLE_IDENTIFIER = com.pariksj.overlay-opus;
				PRODUCT_NAME = "$(TARGET_NAME)";
				SWIFT_EMIT_LOC_STRINGS = YES;
				SWIFT_VERSION = 5.9;
			};
			name = Release;
		};
/* End XCBuildConfiguration section */

/* Begin XCConfigurationList section */
		A1000070000000000000001 /* Build configuration list for PBXProject "OverlayOpus" */ = {
			isa = XCConfigurationList;
			buildConfigurations = (
				A1000110000000000000001 /* Debug */,
				A1000110000000000000002 /* Release */,
			);
			defaultConfigurationIsVisible = 0;
			defaultConfigurationName = Release;
		};
		A1000070000000000000002 /* Build configuration list for PBXNativeTarget "OverlayOpus" */ = {
			isa = XCConfigurationList;
			buildConfigurations = (
				A1000110000000000000003 /* Debug */,
				A1000110000000000000004 /* Release */,
			);
			defaultConfigurationIsVisible = 0;
			defaultConfigurationName = Release;
		};
/* End XCConfigurationList section */
	};
	rootObject = A1000100000000000000001 /* Project object */;
}
